// !$*UTF8*$!
{
	archiveVersion = 1;
	classes = {
	};
	objectVersion = 46;
	objects = {

/* Begin PBXBuildFile section */
		A7D4048A1B3542CE006D8AC8 /* AppDelegate.swift in Sources */ = {isa = PBXBuildFile; fileRef = A7D404891B3542CE006D8AC8 /* AppDelegate.swift */; };
		A7D4048C1B3542CE006D8AC8 /* ViewController.swift in Sources */ = {isa = PBXBuildFile; fileRef = A7D4048B1B3542CE006D8AC8 /* ViewController.swift */; };
		A7D4048F1B3542CE006D8AC8 /* Main.storyboard in Resources */ = {isa = PBXBuildFile; fileRef = A7D4048D1B3542CE006D8AC8 /* Main.storyboard */; };
		A7D404911B3542CE006D8AC8 /* Images.xcassets in Resources */ = {isa = PBXBuildFile; fileRef = A7D404901B3542CE006D8AC8 /* Images.xcassets */; };
		A7F50D391B36A5D100B60C90 /* UIView+Proportional.swift in Sources */ = {isa = PBXBuildFile; fileRef = A7F50D381B36A5D100B60C90 /* UIView+Proportional.swift */; };
		A7F50D3B1B36DB4700B60C90 /* FontAdjustingLabel.swift in Sources */ = {isa = PBXBuildFile; fileRef = A7F50D3A1B36DB4700B60C90 /* FontAdjustingLabel.swift */; };
/* End PBXBuildFile section */

/* Begin PBXFileReference section */
		A7D404841B3542CE006D8AC8 /* Proportional.app */ = {isa = PBXFileReference; explicitFileType = wrapper.application; includeInIndex = 0; path = Proportional.app; sourceTree = BUILT_PRODUCTS_DIR; };
		A7D404881B3542CE006D8AC8 /* Info.plist */ = {isa = PBXFileReference; lastKnownFileType = text.plist.xml; path = Info.plist; sourceTree = "<group>"; };
		A7D404891B3542CE006D8AC8 /* AppDelegate.swift */ = {isa = PBXFileReference; lastKnownFileType = sourcecode.swift; path = AppDelegate.swift; sourceTree = "<group>"; };
		A7D4048B1B3542CE006D8AC8 /* ViewController.swift */ = {isa = PBXFileReference; lastKnownFileType = sourcecode.swift; path = ViewController.swift; sourceTree = "<group>"; };
		A7D4048E1B3542CE006D8AC8 /* Base */ = {isa = PBXFileReference; lastKnownFileType = file.storyboard; name = Base; path = Base.lproj/Main.storyboard; sourceTree = "<group>"; };
		A7D404901B3542CE006D8AC8 /* Images.xcassets */ = {isa = PBXFileReference; lastKnownFileType = folder.assetcatalog; path = Images.xcassets; sourceTree = "<group>"; };
		A7F50D381B36A5D100B60C90 /* UIView+Proportional.swift */ = {isa = PBXFileReference; fileEncoding = 4; lastKnownFileType = sourcecode.swift; path = "UIView+Proportional.swift"; sourceTree = "<group>"; };
		A7F50D3A1B36DB4700B60C90 /* FontAdjustingLabel.swift */ = {isa = PBXFileReference; fileEncoding = 4; lastKnownFileType = sourcecode.swift; path = FontAdjustingLabel.swift; sourceTree = "<group>"; };
/* End PBXFileReference section */

/* Begin PBXFrameworksBuildPhase section */
		A7D404811B3542CE006D8AC8 /* Frameworks */ = {
			isa = PBXFrameworksBuildPhase;
			buildActionMask = 2147483647;
			files = (
			);
			runOnlyForDeploymentPostprocessing = 0;
		};
/* End PBXFrameworksBuildPhase section */

/* Begin PBXGroup section */
		A7D4047B1B3542CE006D8AC8 = {
			isa = PBXGroup;
			children = (
				A7D404861B3542CE006D8AC8 /* Proportional */,
				A7D404851B3542CE006D8AC8 /* Products */,
			);
			sourceTree = "<group>";
		};
		A7D404851B3542CE006D8AC8 /* Products */ = {
			isa = PBXGroup;
			children = (
				A7D404841B3542CE006D8AC8 /* Proportional.app */,
			);
			name = Products;
			sourceTree = "<group>";
		};
		A7D404861B3542CE006D8AC8 /* Proportional */ = {
			isa = PBXGroup;
			children = (
				A7F50D3A1B36DB4700B60C90 /* FontAdjustingLabel.swift */,
				A7F50D381B36A5D100B60C90 /* UIView+Proportional.swift */,
				A7D404891B3542CE006D8AC8 /* AppDelegate.swift */,
				A7D4048B1B3542CE006D8AC8 /* ViewController.swift */,
				A7D4048D1B3542CE006D8AC8 /* Main.storyboard */,
				A7D404901B3542CE006D8AC8 /* Images.xcassets */,
				A7D404871B3542CE006D8AC8 /* Supporting Files */,
			);
			path = Proportional;
			sourceTree = "<group>";
		};
		A7D404871B3542CE006D8AC8 /* Supporting Files */ = {
			isa = PBXGroup;
			children = (
				A7D404881B3542CE006D8AC8 /* Info.plist */,
			);
			name = "Supporting Files";
			sourceTree = "<group>";
		};
/* End PBXGroup section */

/* Begin PBXNativeTarget section */
		A7D404831B3542CE006D8AC8 /* Proportional */ = {
			isa = PBXNativeTarget;
			buildConfigurationList = A7D404A31B3542CE006D8AC8 /* Build configuration list for PBXNativeTarget "Proportional" */;
			buildPhases = (
				A7D404801B3542CE006D8AC8 /* Sources */,
				A7D404811B3542CE006D8AC8 /* Frameworks */,
				A7D404821B3542CE006D8AC8 /* Resources */,
			);
			buildRules = (
			);
			dependencies = (
			);
			name = Proportional;
			productName = Proportional;
			productReference = A7D404841B3542CE006D8AC8 /* Proportional.app */;
			productType = "com.apple.product-type.application";
		};
/* End PBXNativeTarget section */

/* Begin PBXProject section */
		A7D4047C1B3542CE006D8AC8 /* Project object */ = {
			isa = PBXProject;
			attributes = {
				LastSwiftUpdateCheck = 0700;
				LastUpgradeCheck = 0630;
				ORGANIZATIONNAME = Cocoanetics;
				TargetAttributes = {
					A7D404831B3542CE006D8AC8 = {
						CreatedOnToolsVersion = 6.3.2;
					};
				};
			};
			buildConfigurationList = A7D4047F1B3542CE006D8AC8 /* Build configuration list for PBXProject "Proportional" */;
			compatibilityVersion = "Xcode 3.2";
			developmentRegion = English;
			hasScannedForEncodings = 0;
			knownRegions = (
				en,
				Base,
			);
			mainGroup = A7D4047B1B3542CE006D8AC8;
			productRefGroup = A7D404851B3542CE006D8AC8 /* Products */;
			projectDirPath = "";
			projectRoot = "";
			targets = (
				A7D404831B3542CE006D8AC8 /* Proportional */,
			);
		};
/* End PBXProject section */

/* Begin PBXResourcesBuildPhase section */
		A7D404821B3542CE006D8AC8 /* Resources */ = {
			isa = PBXResourcesBuildPhase;
			buildActionMask = 2147483647;
			files = (
				A7D4048F1B3542CE006D8AC8 /* Main.storyboard in Resources */,
				A7D404911B3542CE006D8AC8 /* Images.xcassets in Resources */,
			);
			runOnlyForDeploymentPostprocessing = 0;
		};
/* End PBXResourcesBuildPhase section */

/* Begin PBXSourcesBuildPhase section */
		A7D404801B3542CE006D8AC8 /* Sources */ = {
			isa = PBXSourcesBuildPhase;
			buildActionMask = 2147483647;
			files = (
				A7D4048C1B3542CE006D8AC8 /* ViewController.swift in Sources */,
				A7F50D391B36A5D100B60C90 /* UIView+Proportional.swift in Sources */,
				A7D4048A1B3542CE006D8AC8 /* AppDelegate.swift in Sources */,
				A7F50D3B1B36DB4700B60C90 /* FontAdjustingLabel.swift in Sources */,
			);
			runOnlyForDeploymentPostprocessing = 0;
		};
/* End PBXSourcesBuildPhase section */

/* Begin PBXVariantGroup section */
		A7D4048D1B3542CE006D8AC8 /* Main.storyboard */ = {
			isa = PBXVariantGroup;
			children = (
				A7D4048E1B3542CE006D8AC8 /* Base */,
			);
			name = Main.storyboard;
			sourceTree = "<group>";
		};
/* End PBXVariantGroup section */

/* Begin XCBuildConfiguration section */
		A7D404A11B3542CE006D8AC8 /* Debug */ = {
			isa = XCBuildConfiguration;
			buildSettings = {
				ALWAYS_SEARCH_USER_PATHS = NO;
				CLANG_CXX_LANGUAGE_STANDARD = "gnu++0x";
				CLANG_CXX_LIBRARY = "libc++";
				CLANG_ENABLE_MODULES = YES;
				CLANG_ENABLE_OBJC_ARC = YES;
				CLANG_WARN_BOOL_CONVERSION = YES;
				CLANG_WARN_CONSTANT_CONVERSION = YES;
				CLANG_WARN_DIRECT_OBJC_ISA_USAGE = YES_ERROR;
				CLANG_WARN_EMPTY_BODY = YES;
				CLANG_WARN_ENUM_CONVERSION = YES;
				CLANG_WARN_INT_CONVERSION = YES;
				CLANG_WARN_OBJC_ROOT_CLASS = YES_ERROR;
				CLANG_WARN_UNREACHABLE_CODE = YES;
				CLANG_WARN__DUPLICATE_METHOD_MATCH = YES;
				"CODE_SIGN_IDENTITY[sdk=iphoneos*]" = "iPhone Developer";
				COPY_PHASE_STRIP = NO;
				DEBUG_INFORMATION_FORMAT = "dwarf-with-dsym";
				ENABLE_STRICT_OBJC_MSGSEND = YES;
				GCC_C_LANGUAGE_STANDARD = gnu99;
				GCC_DYNAMIC_NO_PIC = NO;
				GCC_NO_COMMON_BLOCKS = YES;
				GCC_OPTIMIZATION_LEVEL = 0;
				GCC_PREPROCESSOR_DEFINITIONS = (
					"DEBUG=1",
					"$(inherited)",
				);
				GCC_SYMBOLS_PRIVATE_EXTERN = NO;
				GCC_WARN_64_TO_32_BIT_CONVERSION = YES;
				GCC_WARN_ABOUT_RETURN_TYPE = YES_ERROR;
				GCC_WARN_UNDECLARED_SELECTOR = YES;
				GCC_WARN_UNINITIALIZED_AUTOS = YES_AGGRESSIVE;
				GCC_WARN_UNUSED_FUNCTION = YES;
				GCC_WARN_UNUSED_VARIABLE = YES;
				IPHONEOS_DEPLOYMENT_TARGET = 8.3;
				MTL_ENABLE_DEBUG_INFO = YES;
				ONLY_ACTIVE_ARCH = YES;
				SDKROOT = iphoneos;
				SWIFT_OPTIMIZATION_LEVEL = "-Onone";
			};
			name = Debug;
		};
		A7D404A21B3542CE006D8AC8 /* Release */ = {
			isa = XCBuildConfiguration;
			buildSettings = {
				ALWAYS_SEARCH_USER_PATHS = NO;
				CLANG_CXX_LANGUAGE_STANDARD = "gnu++0x";
				CLANG_CXX_LIBRARY = "libc++";
				CLANG_ENABLE_MODULES = YES;
				CLANG_ENABLE_OBJC_ARC = YES;
				CLANG_WARN_BOOL_CONVERSION = YES;
				CLANG_WARN_CONSTANT_CONVERSION = YES;
				CLANG_WARN_DIRECT_OBJC_ISA_USAGE = YES_ERROR;
				CLANG_WARN_EMPTY_BODY = YES;
				CLANG_WARN_ENUM_CONVERSION = YES;
				CLANG_WARN_INT_CONVERSION = YES;
				CLANG_WARN_OBJC_ROOT_CLASS = YES_ERROR;
				CLANG_WARN_UNREACHABLE_CODE = YES;
				CLANG_WARN__DUPLICATE_METHOD_MATCH = YES;
				"CODE_SIGN_IDENTITY[sdk=iphoneos*]" = "iPhone Developer";
				COPY_PHASE_STRIP = NO;
				DEBUG_INFORMATION_FORMAT = "dwarf-with-dsym";
				ENABLE_NS_ASSERTIONS = NO;
				ENABLE_STRICT_OBJC_MSGSEND = YES;
				GCC_C_LANGUAGE_STANDARD = gnu99;
				GCC_NO_COMMON_BLOCKS = YES;
				GCC_WARN_64_TO_32_BIT_CONVERSION = YES;
				GCC_WARN_ABOUT_RETURN_TYPE = YES_ERROR;
				GCC_WARN_UNDECLARED_SELECTOR = YES;
				GCC_WARN_UNINITIALIZED_AUTOS = YES_AGGRESSIVE;
				GCC_WARN_UNUSED_FUNCTION = YES;
				GCC_WARN_UNUSED_VARIABLE = YES;
				IPHONEOS_DEPLOYMENT_TARGET = 8.3;
				MTL_ENABLE_DEBUG_INFO = NO;
				SDKROOT = iphoneos;
				VALIDATE_PRODUCT = YES;
			};
			name = Release;
		};
		A7D404A41B3542CE006D8AC8 /* Debug */ = {
			isa = XCBuildConfiguration;
			buildSettings = {
				ASSETCATALOG_COMPILER_APPICON_NAME = AppIcon;
				INFOPLIST_FILE = Proportional/Info.plist;
				LD_RUNPATH_SEARCH_PATHS = "$(inherited) @executable_path/Frameworks";
				PRODUCT_NAME = "$(TARGET_NAME)";
			};
			name = Debug;
		};
		A7D404A51B3542CE006D8AC8 /* Release */ = {
			isa = XCBuildConfiguration;
			buildSettings = {
				ASSETCATALOG_COMPILER_APPICON_NAME = AppIcon;
				INFOPLIST_FILE = Proportional/Info.plist;
				LD_RUNPATH_SEARCH_PATHS = "$(inherited) @executable_path/Frameworks";
				PRODUCT_NAME = "$(TARGET_NAME)";
			};
			name = Release;
		};
/* End XCBuildConfiguration section */

/* Begin XCConfigurationList section */
		A7D4047F1B3542CE006D8AC8 /* Build configuration list for PBXProject "Proportional" */ = {
			isa = XCConfigurationList;
			buildConfigurations = (
				A7D404A11B3542CE006D8AC8 /* Debug */,
				A7D404A21B3542CE006D8AC8 /* Release */,
			);
			defaultConfigurationIsVisible = 0;
			defaultConfigurationName = Release;
		};
		A7D404A31B3542CE006D8AC8 /* Build configuration list for PBXNativeTarget "Proportional" */ = {
			isa = XCConfigurationList;
			buildConfigurations = (
				A7D404A41B3542CE006D8AC8 /* Debug */,
				A7D404A51B3542CE006D8AC8 /* Release */,
			);
			defaultConfigurationIsVisible = 0;
			defaultConfigurationName = Release;
		};
/* End XCConfigurationList section */
	};
	rootObject = A7D4047C1B3542CE006D8AC8 /* Project object */;
}
